
Microsoft Visual Studio Solution File, Format Version 12.00
Project("{FAE04EC0-301F-11D3-BF4B-00C04F79EFBC}") = "APBD_dodatkowe_s27062", "APBD_dodatkowe_s27062\APBD_dodatkowe_s27062.csproj", "{C6C9ACFB-CF9E-4741-AB0E-58AE9D2539E1}"
EndProject
Global
	GlobalSection(SolutionConfigurationPlatforms) = preSolution
		Debug|Any CPU = Debug|Any CPU
		Release|Any CPU = Release|Any CPU
	EndGlobalSection
	GlobalSection(ProjectConfigurationPlatforms) = postSolution
		{C6C9ACFB-CF9E-4741-AB0E-58AE9D2539E1}.Debug|Any CPU.ActiveCfg = Debug|Any CPU
		{C6C9ACFB-CF9E-4741-AB0E-58AE9D2539E1}.Debug|Any CPU.Build.0 = Debug|Any CPU
		{C6C9ACFB-CF9E-4741-AB0E-58AE9D2539E1}.Release|Any CPU.ActiveCfg = Release|Any CPU
		{C6C9ACFB-CF9E-4741-AB0E-58AE9D2539E1}.Release|Any CPU.Build.0 = Release|Any CPU
	EndGlobalSection
EndGlobal
